// !$*UTF8*$!
{
	archiveVersion = 1;
	classes = {
	};
	objectVersion = 46;
	objects = {

/* Begin PBXBuildFile section */
		4421366B1F0CD59100FEFBCF /* main.m in Sources */ = {isa = PBXBuildFile; fileRef = 4421366A1F0CD59100FEFBCF /* main.m */; };
		442136741F0CD59100FEFBCF /* Main.storyboard in Resources */ = {isa = PBXBuildFile; fileRef = 442136721F0CD59100FEFBCF /* Main.storyboard */; };
		442136761F0CD59100FEFBCF /* Assets.xcassets in Resources */ = {isa = PBXBuildFile; fileRef = 442136751F0CD59100FEFBCF /* Assets.xcassets */; };
		442136791F0CD59100FEFBCF /* LaunchScreen.storyboard in Resources */ = {isa = PBXBuildFile; fileRef = 442136771F0CD59100FEFBCF /* LaunchScreen.storyboard */; };
		442136841F0CD59100FEFBCF /* MVDownloaderTests.m in Sources */ = {isa = PBXBuildFile; fileRef = 442136831F0CD59100FEFBCF /* MVDownloaderTests.m */; };
		4421368F1F0CD59100FEFBCF /* MVDownloaderUITests.m in Sources */ = {isa = PBXBuildFile; fileRef = 4421368E1F0CD59100FEFBCF /* MVDownloaderUITests.m */; };
		442136AA1F0CD84800FEFBCF /* AppDelegate.m in Sources */ = {isa = PBXBuildFile; fileRef = 442136A91F0CD84800FEFBCF /* AppDelegate.m */; };
		442136AD1F0CD85F00FEFBCF /* ViewController.m in Sources */ = {isa = PBXBuildFile; fileRef = 442136AC1F0CD85F00FEFBCF /* ViewController.m */; };
		442136BE1F0CDC0F00FEFBCF /* UIImageView+MVIMageView.m in Sources */ = {isa = PBXBuildFile; fileRef = 442136BD1F0CDC0F00FEFBCF /* UIImageView+MVIMageView.m */; };
		442136C21F0D088200FEFBCF /* MVDownloadManager.m in Sources */ = {isa = PBXBuildFile; fileRef = 442136C11F0D088200FEFBCF /* MVDownloadManager.m */; };
		442136C61F0D0B8700FEFBCF /* MVCache.m in Sources */ = {isa = PBXBuildFile; fileRef = 442136C51F0D0B8700FEFBCF /* MVCache.m */; };
		44F977D31F0F119000A75468 /* CacheObject.m in Sources */ = {isa = PBXBuildFile; fileRef = 44F977D21F0F119000A75468 /* CacheObject.m */; };
		44F977DB1F0F29D400A75468 /* MVJSONHandler.m in Sources */ = {isa = PBXBuildFile; fileRef = 44F977DA1F0F29D400A75468 /* MVJSONHandler.m */; };
		44F977DF1F0F2BC900A75468 /* PastebinDAO.m in Sources */ = {isa = PBXBuildFile; fileRef = 44F977DE1F0F2BC900A75468 /* PastebinDAO.m */; };
		44F977E51F0F2CE600A75468 /* UserDictionary.m in Sources */ = {isa = PBXBuildFile; fileRef = 44F977E41F0F2CE600A75468 /* UserDictionary.m */; };
		44F977E81F0F2CF500A75468 /* URLsDictionary.m in Sources */ = {isa = PBXBuildFile; fileRef = 44F977E71F0F2CF500A75468 /* URLsDictionary.m */; };
		44F977EB1F0F2D0000A75468 /* LinksDictionary.m in Sources */ = {isa = PBXBuildFile; fileRef = 44F977EA1F0F2D0000A75468 /* LinksDictionary.m */; };
		EE4906111F0F4C6D00B239D7 /* PinboardCollectionViewCell.m in Sources */ = {isa = PBXBuildFile; fileRef = EE49060F1F0F4C6D00B239D7 /* PinboardCollectionViewCell.m */; };
		EE4906121F0F4C6D00B239D7 /* PinboardCollectionViewCell.xib in Resources */ = {isa = PBXBuildFile; fileRef = EE4906101F0F4C6D00B239D7 /* PinboardCollectionViewCell.xib */; };
		EE4906321F0F563C00B239D7 /* Reachability.m in Sources */ = {isa = PBXBuildFile; fileRef = EE4906311F0F563C00B239D7 /* Reachability.m */; };
		EE4906361F0F63F900B239D7 /* UserProfileViewController.m in Sources */ = {isa = PBXBuildFile; fileRef = EE4906351F0F63F900B239D7 /* UserProfileViewController.m */; };
		EE49063A1F0F6A5800B239D7 /* UserCollectionViewCell.m in Sources */ = {isa = PBXBuildFile; fileRef = EE4906381F0F6A5800B239D7 /* UserCollectionViewCell.m */; };
		EE49063B1F0F6A5800B239D7 /* UserCollectionViewCell.xib in Resources */ = {isa = PBXBuildFile; fileRef = EE4906391F0F6A5800B239D7 /* UserCollectionViewCell.xib */; };
		EE655B721F0E377600261FCF /* MVWebserviceDownloader.m in Sources */ = {isa = PBXBuildFile; fileRef = EE655B711F0E377600261FCF /* MVWebserviceDownloader.m */; };
		EE655B7E1F0E6CA800261FCF /* placeholder.jpg in Resources */ = {isa = PBXBuildFile; fileRef = EE655B7D1F0E6CA800261FCF /* placeholder.jpg */; };
/* End PBXBuildFile section */

/* Begin PBXContainerItemProxy section */
		442136801F0CD59100FEFBCF /* PBXContainerItemProxy */ = {
			isa = PBXContainerItemProxy;
			containerPortal = 4421365E1F0CD59100FEFBCF /* Project object */;
			proxyType = 1;
			remoteGlobalIDString = 442136651F0CD59100FEFBCF;
			remoteInfo = MVDownloader;
		};
		4421368B1F0CD59100FEFBCF /* PBXContainerItemProxy */ = {
			isa = PBXContainerItemProxy;
			containerPortal = 4421365E1F0CD59100FEFBCF /* Project object */;
			proxyType = 1;
			remoteGlobalIDString = 442136651F0CD59100FEFBCF;
			remoteInfo = MVDownloader;
		};
/* End PBXContainerItemProxy section */

/* Begin PBXFileReference section */
		442136661F0CD59100FEFBCF /* MVDownloader.app */ = {isa = PBXFileReference; explicitFileType = wrapper.application; includeInIndex = 0; path = MVDownloader.app; sourceTree = BUILT_PRODUCTS_DIR; };
		4421366A1F0CD59100FEFBCF /* main.m */ = {isa = PBXFileReference; lastKnownFileType = sourcecode.c.objc; path = main.m; sourceTree = "<group>"; };
		442136731F0CD59100FEFBCF /* Base */ = {isa = PBXFileReference; lastKnownFileType = file.storyboard; name = Base; path = Base.lproj/Main.storyboard; sourceTree = "<group>"; };
		442136751F0CD59100FEFBCF /* Assets.xcassets */ = {isa = PBXFileReference; lastKnownFileType = folder.assetcatalog; path = Assets.xcassets; sourceTree = "<group>"; };
		442136781F0CD59100FEFBCF /* Base */ = {isa = PBXFileReference; lastKnownFileType = file.storyboard; name = Base; path = Base.lproj/LaunchScreen.storyboard; sourceTree = "<group>"; };
		4421367A1F0CD59100FEFBCF /* Info.plist */ = {isa = PBXFileReference; lastKnownFileType = text.plist.xml; path = Info.plist; sourceTree = "<group>"; };
		4421367F1F0CD59100FEFBCF /* MVDownloaderTests.xctest */ = {isa = PBXFileReference; explicitFileType = wrapper.cfbundle; includeInIndex = 0; path = MVDownloaderTests.xctest; sourceTree = BUILT_PRODUCTS_DIR; };
		442136831F0CD59100FEFBCF /* MVDownloaderTests.m */ = {isa = PBXFileReference; lastKnownFileType = sourcecode.c.objc; path = MVDownloaderTests.m; sourceTree = "<group>"; };
		442136851F0CD59100FEFBCF /* Info.plist */ = {isa = PBXFileReference; lastKnownFileType = text.plist.xml; path = Info.plist; sourceTree = "<group>"; };
		4421368A1F0CD59100FEFBCF /* MVDownloaderUITests.xctest */ = {isa = PBXFileReference; explicitFileType = wrapper.cfbundle; includeInIndex = 0; path = MVDownloaderUITests.xctest; sourceTree = BUILT_PRODUCTS_DIR; };
		4421368E1F0CD59100FEFBCF /* MVDownloaderUITests.m */ = {isa = PBXFileReference; lastKnownFileType = sourcecode.c.objc; path = MVDownloaderUITests.m; sourceTree = "<group>"; };
		442136901F0CD59100FEFBCF /* Info.plist */ = {isa = PBXFileReference; lastKnownFileType = text.plist.xml; path = Info.plist; sourceTree = "<group>"; };
		442136A81F0CD84800FEFBCF /* AppDelegate.h */ = {isa = PBXFileReference; fileEncoding = 4; lastKnownFileType = sourcecode.c.h; path = AppDelegate.h; sourceTree = "<group>"; };
		442136A91F0CD84800FEFBCF /* AppDelegate.m */ = {isa = PBXFileReference; fileEncoding = 4; lastKnownFileType = sourcecode.c.objc; path = AppDelegate.m; sourceTree = "<group>"; };
		442136AB1F0CD85F00FEFBCF /* ViewController.h */ = {isa = PBXFileReference; fileEncoding = 4; lastKnownFileType = sourcecode.c.h; path = ViewController.h; sourceTree = "<group>"; };
		442136AC1F0CD85F00FEFBCF /* ViewController.m */ = {isa = PBXFileReference; fileEncoding = 4; lastKnownFileType = sourcecode.c.objc; path = ViewController.m; sourceTree = "<group>"; };
		442136BC1F0CDC0F00FEFBCF /* UIImageView+MVIMageView.h */ = {isa = PBXFileReference; fileEncoding = 4; lastKnownFileType = sourcecode.c.h; path = "UIImageView+MVIMageView.h"; sourceTree = "<group>"; };
		442136BD1F0CDC0F00FEFBCF /* UIImageView+MVIMageView.m */ = {isa = PBXFileReference; fileEncoding = 4; lastKnownFileType = sourcecode.c.objc; path = "UIImageView+MVIMageView.m"; sourceTree = "<group>"; };
		442136C01F0D088200FEFBCF /* MVDownloadManager.h */ = {isa = PBXFileReference; fileEncoding = 4; lastKnownFileType = sourcecode.c.h; path = MVDownloadManager.h; sourceTree = "<group>"; };
		442136C11F0D088200FEFBCF /* MVDownloadManager.m */ = {isa = PBXFileReference; fileEncoding = 4; lastKnownFileType = sourcecode.c.objc; path = MVDownloadManager.m; sourceTree = "<group>"; };
		442136C41F0D0B8700FEFBCF /* MVCache.h */ = {isa = PBXFileReference; fileEncoding = 4; lastKnownFileType = sourcecode.c.h; path = MVCache.h; sourceTree = "<group>"; };
		442136C51F0D0B8700FEFBCF /* MVCache.m */ = {isa = PBXFileReference; fileEncoding = 4; lastKnownFileType = sourcecode.c.objc; path = MVCache.m; sourceTree = "<group>"; };
		44F977D11F0F119000A75468 /* CacheObject.h */ = {isa = PBXFileReference; fileEncoding = 4; lastKnownFileType = sourcecode.c.h; path = CacheObject.h; sourceTree = "<group>"; };
		44F977D21F0F119000A75468 /* CacheObject.m */ = {isa = PBXFileReference; fileEncoding = 4; lastKnownFileType = sourcecode.c.objc; path = CacheObject.m; sourceTree = "<group>"; };
		44F977D51F0F28B200A75468 /* APIConstants.h */ = {isa = PBXFileReference; fileEncoding = 4; lastKnownFileType = sourcecode.c.h; path = APIConstants.h; sourceTree = "<group>"; };
		44F977D91F0F29D400A75468 /* MVJSONHandler.h */ = {isa = PBXFileReference; fileEncoding = 4; lastKnownFileType = sourcecode.c.h; path = MVJSONHandler.h; sourceTree = "<group>"; };
		44F977DA1F0F29D400A75468 /* MVJSONHandler.m */ = {isa = PBXFileReference; fileEncoding = 4; lastKnownFileType = sourcecode.c.objc; path = MVJSONHandler.m; sourceTree = "<group>"; };
		44F977DD1F0F2BC900A75468 /* PastebinDAO.h */ = {isa = PBXFileReference; fileEncoding = 4; lastKnownFileType = sourcecode.c.h; path = PastebinDAO.h; sourceTree = "<group>"; };
		44F977DE1F0F2BC900A75468 /* PastebinDAO.m */ = {isa = PBXFileReference; fileEncoding = 4; lastKnownFileType = sourcecode.c.objc; path = PastebinDAO.m; sourceTree = "<group>"; };
		44F977E31F0F2CE600A75468 /* UserDictionary.h */ = {isa = PBXFileReference; fileEncoding = 4; lastKnownFileType = sourcecode.c.h; path = UserDictionary.h; sourceTree = "<group>"; };
		44F977E41F0F2CE600A75468 /* UserDictionary.m */ = {isa = PBXFileReference; fileEncoding = 4; lastKnownFileType = sourcecode.c.objc; path = UserDictionary.m; sourceTree = "<group>"; };
		44F977E61F0F2CF500A75468 /* URLsDictionary.h */ = {isa = PBXFileReference; fileEncoding = 4; lastKnownFileType = sourcecode.c.h; path = URLsDictionary.h; sourceTree = "<group>"; };
		44F977E71F0F2CF500A75468 /* URLsDictionary.m */ = {isa = PBXFileReference; fileEncoding = 4; lastKnownFileType = sourcecode.c.objc; path = URLsDictionary.m; sourceTree = "<group>"; };
		44F977E91F0F2D0000A75468 /* LinksDictionary.h */ = {isa = PBXFileReference; fileEncoding = 4; lastKnownFileType = sourcecode.c.h; path = LinksDictionary.h; sourceTree = "<group>"; };
		44F977EA1F0F2D0000A75468 /* LinksDictionary.m */ = {isa = PBXFileReference; fileEncoding = 4; lastKnownFileType = sourcecode.c.objc; path = LinksDictionary.m; sourceTree = "<group>"; };
		EE49060E1F0F4C6D00B239D7 /* PinboardCollectionViewCell.h */ = {isa = PBXFileReference; fileEncoding = 4; lastKnownFileType = sourcecode.c.h; path = PinboardCollectionViewCell.h; sourceTree = "<group>"; };
		EE49060F1F0F4C6D00B239D7 /* PinboardCollectionViewCell.m */ = {isa = PBXFileReference; fileEncoding = 4; lastKnownFileType = sourcecode.c.objc; path = PinboardCollectionViewCell.m; sourceTree = "<group>"; };
		EE4906101F0F4C6D00B239D7 /* PinboardCollectionViewCell.xib */ = {isa = PBXFileReference; fileEncoding = 4; lastKnownFileType = file.xib; path = PinboardCollectionViewCell.xib; sourceTree = "<group>"; };
		EE4906301F0F563C00B239D7 /* Reachability.h */ = {isa = PBXFileReference; fileEncoding = 4; lastKnownFileType = sourcecode.c.h; path = Reachability.h; sourceTree = "<group>"; };
		EE4906311F0F563C00B239D7 /* Reachability.m */ = {isa = PBXFileReference; fileEncoding = 4; lastKnownFileType = sourcecode.c.objc; path = Reachability.m; sourceTree = "<group>"; };
		EE4906341F0F63F900B239D7 /* UserProfileViewController.h */ = {isa = PBXFileReference; fileEncoding = 4; lastKnownFileType = sourcecode.c.h; path = UserProfileViewController.h; sourceTree = "<group>"; };
		EE4906351F0F63F900B239D7 /* UserProfileViewController.m */ = {isa = PBXFileReference; fileEncoding = 4; lastKnownFileType = sourcecode.c.objc; path = UserProfileViewController.m; sourceTree = "<group>"; };
		EE4906371F0F6A5800B239D7 /* UserCollectionViewCell.h */ = {isa = PBXFileReference; fileEncoding = 4; lastKnownFileType = sourcecode.c.h; path = UserCollectionViewCell.h; sourceTree = "<group>"; };
		EE4906381F0F6A5800B239D7 /* UserCollectionViewCell.m */ = {isa = PBXFileReference; fileEncoding = 4; lastKnownFileType = sourcecode.c.objc; path = UserCollectionViewCell.m; sourceTree = "<group>"; };
		EE4906391F0F6A5800B239D7 /* UserCollectionViewCell.xib */ = {isa = PBXFileReference; fileEncoding = 4; lastKnownFileType = file.xib; path = UserCollectionViewCell.xib; sourceTree = "<group>"; };
		EE655B701F0E377600261FCF /* MVWebserviceDownloader.h */ = {isa = PBXFileReference; fileEncoding = 4; lastKnownFileType = sourcecode.c.h; path = MVWebserviceDownloader.h; sourceTree = "<group>"; };
		EE655B711F0E377600261FCF /* MVWebserviceDownloader.m */ = {isa = PBXFileReference; fileEncoding = 4; lastKnownFileType = sourcecode.c.objc; path = MVWebserviceDownloader.m; sourceTree = "<group>"; };
		EE655B791F0E56F700261FCF /* MVDownloadTypeConstants.h */ = {isa = PBXFileReference; fileEncoding = 4; lastKnownFileType = sourcecode.c.h; path = MVDownloadTypeConstants.h; sourceTree = "<group>"; };
		EE655B7D1F0E6CA800261FCF /* placeholder.jpg */ = {isa = PBXFileReference; lastKnownFileType = image.jpeg; path = placeholder.jpg; sourceTree = "<group>"; };
/* End PBXFileReference section */

/* Begin PBXFrameworksBuildPhase section */
		442136631F0CD59100FEFBCF /* Frameworks */ = {
			isa = PBXFrameworksBuildPhase;
			buildActionMask = 2147483647;
			files = (
			);
			runOnlyForDeploymentPostprocessing = 0;
		};
		4421367C1F0CD59100FEFBCF /* Frameworks */ = {
			isa = PBXFrameworksBuildPhase;
			buildActionMask = 2147483647;
			files = (
			);
			runOnlyForDeploymentPostprocessing = 0;
		};
		442136871F0CD59100FEFBCF /* Frameworks */ = {
			isa = PBXFrameworksBuildPhase;
			buildActionMask = 2147483647;
			files = (
			);
			runOnlyForDeploymentPostprocessing = 0;
		};
/* End PBXFrameworksBuildPhase section */

/* Begin PBXGroup section */
		4421365D1F0CD59100FEFBCF = {
			isa = PBXGroup;
			children = (
				442136681F0CD59100FEFBCF /* MVDownloader */,
				442136821F0CD59100FEFBCF /* MVDownloaderTests */,
				4421368D1F0CD59100FEFBCF /* MVDownloaderUITests */,
				442136671F0CD59100FEFBCF /* Products */,
			);
			sourceTree = "<group>";
		};
		442136671F0CD59100FEFBCF /* Products */ = {
			isa = PBXGroup;
			children = (
				442136661F0CD59100FEFBCF /* MVDownloader.app */,
				4421367F1F0CD59100FEFBCF /* MVDownloaderTests.xctest */,
				4421368A1F0CD59100FEFBCF /* MVDownloaderUITests.xctest */,
			);
			name = Products;
			sourceTree = "<group>";
		};
		442136681F0CD59100FEFBCF /* MVDownloader */ = {
			isa = PBXGroup;
			children = (
				442136721F0CD59100FEFBCF /* Main.storyboard */,
				4421369D1F0CD5D000FEFBCF /* Classes */,
				44F977D41F0F28A200A75468 /* Web APIs */,
				4421369C1F0CD5B600FEFBCF /* MVDownloader */,
				442136691F0CD59100FEFBCF /* Supporting Files */,
			);
			path = MVDownloader;
			sourceTree = "<group>";
		};
		442136691F0CD59100FEFBCF /* Supporting Files */ = {
			isa = PBXGroup;
			children = (
				EE49062E1F0F563400B239D7 /* Helper classes */,
				EE655B7C1F0E6C9700261FCF /* Graphics */,
				442136751F0CD59100FEFBCF /* Assets.xcassets */,
				442136771F0CD59100FEFBCF /* LaunchScreen.storyboard */,
				4421367A1F0CD59100FEFBCF /* Info.plist */,
				4421366A1F0CD59100FEFBCF /* main.m */,
			);
			name = "Supporting Files";
			sourceTree = "<group>";
		};
		442136821F0CD59100FEFBCF /* MVDownloaderTests */ = {
			isa = PBXGroup;
			children = (
				442136831F0CD59100FEFBCF /* MVDownloaderTests.m */,
				442136851F0CD59100FEFBCF /* Info.plist */,
			);
			path = MVDownloaderTests;
			sourceTree = "<group>";
		};
		4421368D1F0CD59100FEFBCF /* MVDownloaderUITests */ = {
			isa = PBXGroup;
			children = (
				4421368E1F0CD59100FEFBCF /* MVDownloaderUITests.m */,
				442136901F0CD59100FEFBCF /* Info.plist */,
			);
			path = MVDownloaderUITests;
			sourceTree = "<group>";
		};
		4421369C1F0CD5B600FEFBCF /* MVDownloader */ = {
			isa = PBXGroup;
			children = (
				EE655B771F0E567D00261FCF /* MVSupportedDownloadTypes */,
				EE655B6F1F0E373300261FCF /* MVWebserviceDownloader */,
				442136C31F0D0B7800FEFBCF /* MVCache */,
				442136BF1F0D081100FEFBCF /* MVDownloadManager */,
				442136BB1F0CDBD900FEFBCF /* MVUIImageView */,
				44F977D81F0F299800A75468 /* MVJSONHandler */,
			);
			path = MVDownloader;
			sourceTree = "<group>";
		};
		4421369D1F0CD5D000FEFBCF /* Classes */ = {
			isa = PBXGroup;
			children = (
				442136AE1F0CD8E400FEFBCF /* MV Custom Cells */,
				EE4906331F0F63E900B239D7 /* User Profile View Controller */,
				442136A61F0CD7FC00FEFBCF /* Main View Controller */,
				442136A71F0CD84800FEFBCF /* App Delegate */,
			);
			path = Classes;
			sourceTree = "<group>";
		};
		442136A61F0CD7FC00FEFBCF /* Main View Controller */ = {
			isa = PBXGroup;
			children = (
				442136AB1F0CD85F00FEFBCF /* ViewController.h */,
				442136AC1F0CD85F00FEFBCF /* ViewController.m */,
			);
			path = "Main View Controller";
			sourceTree = "<group>";
		};
		442136A71F0CD84800FEFBCF /* App Delegate */ = {
			isa = PBXGroup;
			children = (
				442136A81F0CD84800FEFBCF /* AppDelegate.h */,
				442136A91F0CD84800FEFBCF /* AppDelegate.m */,
			);
			path = "App Delegate";
			sourceTree = "<group>";
		};
		442136AE1F0CD8E400FEFBCF /* MV Custom Cells */ = {
			isa = PBXGroup;
			children = (
				EE49060D1F0F4C5000B239D7 /* Collectionview Cells */,
			);
			name = "MV Custom Cells";
			path = "../MV Custom Cells";
			sourceTree = "<group>";
		};
		442136BB1F0CDBD900FEFBCF /* MVUIImageView */ = {
			isa = PBXGroup;
			children = (
				442136BC1F0CDC0F00FEFBCF /* UIImageView+MVIMageView.h */,
				442136BD1F0CDC0F00FEFBCF /* UIImageView+MVIMageView.m */,
			);
			path = MVUIImageView;
			sourceTree = "<group>";
		};
		442136BF1F0D081100FEFBCF /* MVDownloadManager */ = {
			isa = PBXGroup;
			children = (
				442136C01F0D088200FEFBCF /* MVDownloadManager.h */,
				442136C11F0D088200FEFBCF /* MVDownloadManager.m */,
			);
			path = MVDownloadManager;
			sourceTree = "<group>";
		};
		442136C31F0D0B7800FEFBCF /* MVCache */ = {
			isa = PBXGroup;
			children = (
				44F977D01F0F118200A75468 /* Cache Object */,
				442136C41F0D0B8700FEFBCF /* MVCache.h */,
				442136C51F0D0B8700FEFBCF /* MVCache.m */,
			);
			path = MVCache;
			sourceTree = "<group>";
		};
		44F977D01F0F118200A75468 /* Cache Object */ = {
			isa = PBXGroup;
			children = (
				44F977D11F0F119000A75468 /* CacheObject.h */,
				44F977D21F0F119000A75468 /* CacheObject.m */,
			);
			path = "Cache Object";
			sourceTree = "<group>";
		};
		44F977D41F0F28A200A75468 /* Web APIs */ = {
			isa = PBXGroup;
			children = (
				44F977DC1F0F2BB700A75468 /* Pastebin API DAO */,
				44F977D51F0F28B200A75468 /* APIConstants.h */,
			);
			name = "Web APIs";
			path = "Classes/Web APIs";
			sourceTree = "<group>";
		};
		44F977D81F0F299800A75468 /* MVJSONHandler */ = {
			isa = PBXGroup;
			children = (
				44F977D91F0F29D400A75468 /* MVJSONHandler.h */,
				44F977DA1F0F29D400A75468 /* MVJSONHandler.m */,
			);
			path = MVJSONHandler;
			sourceTree = "<group>";
		};
		44F977DC1F0F2BB700A75468 /* Pastebin API DAO */ = {
			isa = PBXGroup;
			children = (
				44F977E01F0F2CDC00A75468 /* LinksDictionary */,
				44F977E11F0F2CDC00A75468 /* UrlsDictionary */,
				44F977E21F0F2CDC00A75468 /* User Dictionary */,
				44F977DD1F0F2BC900A75468 /* PastebinDAO.h */,
				44F977DE1F0F2BC900A75468 /* PastebinDAO.m */,
			);
			path = "Pastebin API DAO";
			sourceTree = "<group>";
		};
		44F977E01F0F2CDC00A75468 /* LinksDictionary */ = {
			isa = PBXGroup;
			children = (
				44F977E91F0F2D0000A75468 /* LinksDictionary.h */,
				44F977EA1F0F2D0000A75468 /* LinksDictionary.m */,
			);
			path = LinksDictionary;
			sourceTree = "<group>";
		};
		44F977E11F0F2CDC00A75468 /* UrlsDictionary */ = {
			isa = PBXGroup;
			children = (
				44F977E61F0F2CF500A75468 /* URLsDictionary.h */,
				44F977E71F0F2CF500A75468 /* URLsDictionary.m */,
			);
			path = UrlsDictionary;
			sourceTree = "<group>";
		};
		44F977E21F0F2CDC00A75468 /* User Dictionary */ = {
			isa = PBXGroup;
			children = (
				44F977E31F0F2CE600A75468 /* UserDictionary.h */,
				44F977E41F0F2CE600A75468 /* UserDictionary.m */,
			);
			path = "User Dictionary";
			sourceTree = "<group>";
		};
		EE49060D1F0F4C5000B239D7 /* Collectionview Cells */ = {
			isa = PBXGroup;
			children = (
				EE49060E1F0F4C6D00B239D7 /* PinboardCollectionViewCell.h */,
				EE49060F1F0F4C6D00B239D7 /* PinboardCollectionViewCell.m */,
				EE4906101F0F4C6D00B239D7 /* PinboardCollectionViewCell.xib */,
				EE4906371F0F6A5800B239D7 /* UserCollectionViewCell.h */,
				EE4906381F0F6A5800B239D7 /* UserCollectionViewCell.m */,
				EE4906391F0F6A5800B239D7 /* UserCollectionViewCell.xib */,
			);
			path = "Collectionview Cells";
			sourceTree = "<group>";
		};
		EE49062E1F0F563400B239D7 /* Helper classes */ = {
			isa = PBXGroup;
			children = (
				EE49062F1F0F563C00B239D7 /* Reachability */,
			);
			path = "Helper classes";
			sourceTree = "<group>";
		};
		EE49062F1F0F563C00B239D7 /* Reachability */ = {
			isa = PBXGroup;
			children = (
				EE4906301F0F563C00B239D7 /* Reachability.h */,
				EE4906311F0F563C00B239D7 /* Reachability.m */,
			);
			path = Reachability;
			sourceTree = "<group>";
		};
		EE4906331F0F63E900B239D7 /* User Profile View Controller */ = {
			isa = PBXGroup;
			children = (
				EE4906341F0F63F900B239D7 /* UserProfileViewController.h */,
				EE4906351F0F63F900B239D7 /* UserProfileViewController.m */,
			);
			path = "User Profile View Controller";
			sourceTree = "<group>";
		};
		EE655B6F1F0E373300261FCF /* MVWebserviceDownloader */ = {
			isa = PBXGroup;
			children = (
				EE655B701F0E377600261FCF /* MVWebserviceDownloader.h */,
				EE655B711F0E377600261FCF /* MVWebserviceDownloader.m */,
			);
			path = MVWebserviceDownloader;
			sourceTree = "<group>";
		};
		EE655B771F0E567D00261FCF /* MVSupportedDownloadTypes */ = {
			isa = PBXGroup;
			children = (
				EE655B791F0E56F700261FCF /* MVDownloadTypeConstants.h */,
			);
			path = MVSupportedDownloadTypes;
			sourceTree = "<group>";
		};
		EE655B7C1F0E6C9700261FCF /* Graphics */ = {
			isa = PBXGroup;
			children = (
				EE655B7D1F0E6CA800261FCF /* placeholder.jpg */,
			);
			path = Graphics;
			sourceTree = "<group>";
		};
/* End PBXGroup section */

/* Begin PBXNativeTarget section */
		442136651F0CD59100FEFBCF /* MVDownloader */ = {
			isa = PBXNativeTarget;
			buildConfigurationList = 442136931F0CD59100FEFBCF /* Build configuration list for PBXNativeTarget "MVDownloader" */;
			buildPhases = (
				442136621F0CD59100FEFBCF /* Sources */,
				442136631F0CD59100FEFBCF /* Frameworks */,
				442136641F0CD59100FEFBCF /* Resources */,
			);
			buildRules = (
			);
			dependencies = (
			);
			name = MVDownloader;
			productName = MVDownloader;
			productReference = 442136661F0CD59100FEFBCF /* MVDownloader.app */;
			productType = "com.apple.product-type.application";
		};
		4421367E1F0CD59100FEFBCF /* MVDownloaderTests */ = {
			isa = PBXNativeTarget;
			buildConfigurationList = 442136961F0CD59100FEFBCF /* Build configuration list for PBXNativeTarget "MVDownloaderTests" */;
			buildPhases = (
				4421367B1F0CD59100FEFBCF /* Sources */,
				4421367C1F0CD59100FEFBCF /* Frameworks */,
				4421367D1F0CD59100FEFBCF /* Resources */,
			);
			buildRules = (
			);
			dependencies = (
				442136811F0CD59100FEFBCF /* PBXTargetDependency */,
			);
			name = MVDownloaderTests;
			productName = MVDownloaderTests;
			productReference = 4421367F1F0CD59100FEFBCF /* MVDownloaderTests.xctest */;
			productType = "com.apple.product-type.bundle.unit-test";
		};
		442136891F0CD59100FEFBCF /* MVDownloaderUITests */ = {
			isa = PBXNativeTarget;
			buildConfigurationList = 442136991F0CD59100FEFBCF /* Build configuration list for PBXNativeTarget "MVDownloaderUITests" */;
			buildPhases = (
				442136861F0CD59100FEFBCF /* Sources */,
				442136871F0CD59100FEFBCF /* Frameworks */,
				442136881F0CD59100FEFBCF /* Resources */,
			);
			buildRules = (
			);
			dependencies = (
				4421368C1F0CD59100FEFBCF /* PBXTargetDependency */,
			);
			name = MVDownloaderUITests;
			productName = MVDownloaderUITests;
			productReference = 4421368A1F0CD59100FEFBCF /* MVDownloaderUITests.xctest */;
			productType = "com.apple.product-type.bundle.ui-testing";
		};
/* End PBXNativeTarget section */

/* Begin PBXProject section */
		4421365E1F0CD59100FEFBCF /* Project object */ = {
			isa = PBXProject;
			attributes = {
				LastUpgradeCheck = 0820;
				ORGANIZATIONNAME = "Mati Ur Rab";
				TargetAttributes = {
					442136651F0CD59100FEFBCF = {
						CreatedOnToolsVersion = 8.2;
						ProvisioningStyle = Automatic;
					};
					4421367E1F0CD59100FEFBCF = {
						CreatedOnToolsVersion = 8.2;
						ProvisioningStyle = Automatic;
						TestTargetID = 442136651F0CD59100FEFBCF;
					};
					442136891F0CD59100FEFBCF = {
						CreatedOnToolsVersion = 8.2;
						ProvisioningStyle = Automatic;
						TestTargetID = 442136651F0CD59100FEFBCF;
					};
				};
			};
			buildConfigurationList = 442136611F0CD59100FEFBCF /* Build configuration list for PBXProject "MVDownloader" */;
			compatibilityVersion = "Xcode 3.2";
			developmentRegion = English;
			hasScannedForEncodings = 0;
			knownRegions = (
				en,
				Base,
			);
			mainGroup = 4421365D1F0CD59100FEFBCF;
			productRefGroup = 442136671F0CD59100FEFBCF /* Products */;
			projectDirPath = "";
			projectRoot = "";
			targets = (
				442136651F0CD59100FEFBCF /* MVDownloader */,
				4421367E1F0CD59100FEFBCF /* MVDownloaderTests */,
				442136891F0CD59100FEFBCF /* MVDownloaderUITests */,
			);
		};
/* End PBXProject section */

/* Begin PBXResourcesBuildPhase section */
		442136641F0CD59100FEFBCF /* Resources */ = {
			isa = PBXResourcesBuildPhase;
			buildActionMask = 2147483647;
			files = (
				442136791F0CD59100FEFBCF /* LaunchScreen.storyboard in Resources */,
				442136761F0CD59100FEFBCF /* Assets.xcassets in Resources */,
				EE4906121F0F4C6D00B239D7 /* PinboardCollectionViewCell.xib in Resources */,
				EE49063B1F0F6A5800B239D7 /* UserCollectionViewCell.xib in Resources */,
				EE655B7E1F0E6CA800261FCF /* placeholder.jpg in Resources */,
				442136741F0CD59100FEFBCF /* Main.storyboard in Resources */,
			);
			runOnlyForDeploymentPostprocessing = 0;
		};
		4421367D1F0CD59100FEFBCF /* Resources */ = {
			isa = PBXResourcesBuildPhase;
			buildActionMask = 2147483647;
			files = (
			);
			runOnlyForDeploymentPostprocessing = 0;
		};
		442136881F0CD59100FEFBCF /* Resources */ = {
			isa = PBXResourcesBuildPhase;
			buildActionMask = 2147483647;
			files = (
			);
			runOnlyForDeploymentPostprocessing = 0;
		};
/* End PBXResourcesBuildPhase section */

/* Begin PBXSourcesBuildPhase section */
		442136621F0CD59100FEFBCF /* Sources */ = {
			isa = PBXSourcesBuildPhase;
			buildActionMask = 2147483647;
			files = (
				442136AD1F0CD85F00FEFBCF /* ViewController.m in Sources */,
				EE4906361F0F63F900B239D7 /* UserProfileViewController.m in Sources */,
				44F977E81F0F2CF500A75468 /* URLsDictionary.m in Sources */,
				44F977DF1F0F2BC900A75468 /* PastebinDAO.m in Sources */,
				EE49063A1F0F6A5800B239D7 /* UserCollectionViewCell.m in Sources */,
				442136BE1F0CDC0F00FEFBCF /* UIImageView+MVIMageView.m in Sources */,
				44F977EB1F0F2D0000A75468 /* LinksDictionary.m in Sources */,
				4421366B1F0CD59100FEFBCF /* main.m in Sources */,
				EE4906111F0F4C6D00B239D7 /* PinboardCollectionViewCell.m in Sources */,
				EE655B721F0E377600261FCF /* MVWebserviceDownloader.m in Sources */,
				44F977DB1F0F29D400A75468 /* MVJSONHandler.m in Sources */,
				EE4906321F0F563C00B239D7 /* Reachability.m in Sources */,
				442136C21F0D088200FEFBCF /* MVDownloadManager.m in Sources */,
				44F977E51F0F2CE600A75468 /* UserDictionary.m in Sources */,
				442136AA1F0CD84800FEFBCF /* AppDelegate.m in Sources */,
				442136C61F0D0B8700FEFBCF /* MVCache.m in Sources */,
				44F977D31F0F119000A75468 /* CacheObject.m in Sources */,
			);
			runOnlyForDeploymentPostprocessing = 0;
		};
		4421367B1F0CD59100FEFBCF /* Sources */ = {
			isa = PBXSourcesBuildPhase;
			buildActionMask = 2147483647;
			files = (
				442136841F0CD59100FEFBCF /* MVDownloaderTests.m in Sources */,
			);
			runOnlyForDeploymentPostprocessing = 0;
		};
		442136861F0CD59100FEFBCF /* Sources */ = {
			isa = PBXSourcesBuildPhase;
			buildActionMask = 2147483647;
			files = (
				4421368F1F0CD59100FEFBCF /* MVDownloaderUITests.m in Sources */,
			);
			runOnlyForDeploymentPostprocessing = 0;
		};
/* End PBXSourcesBuildPhase section */

/* Begin PBXTargetDependency section */
		442136811F0CD59100FEFBCF /* PBXTargetDependency */ = {
			isa = PBXTargetDependency;
			target = 442136651F0CD59100FEFBCF /* MVDownloader */;
			targetProxy = 442136801F0CD59100FEFBCF /* PBXContainerItemProxy */;
		};
		4421368C1F0CD59100FEFBCF /* PBXTargetDependency */ = {
			isa = PBXTargetDependency;
			target = 442136651F0CD59100FEFBCF /* MVDownloader */;
			targetProxy = 4421368B1F0CD59100FEFBCF /* PBXContainerItemProxy */;
		};
/* End PBXTargetDependency section */

/* Begin PBXVariantGroup section */
		442136721F0CD59100FEFBCF /* Main.storyboard */ = {
			isa = PBXVariantGroup;
			children = (
				442136731F0CD59100FEFBCF /* Base */,
			);
			name = Main.storyboard;
			sourceTree = "<group>";
		};
		442136771F0CD59100FEFBCF /* LaunchScreen.storyboard */ = {
			isa = PBXVariantGroup;
			children = (
				442136781F0CD59100FEFBCF /* Base */,
			);
			name = LaunchScreen.storyboard;
			sourceTree = "<group>";
		};
/* End PBXVariantGroup section */

/* Begin XCBuildConfiguration section */
		442136911F0CD59100FEFBCF /* Debug */ = {
			isa = XCBuildConfiguration;
			buildSettings = {
				ALWAYS_SEARCH_USER_PATHS = NO;
				CLANG_ANALYZER_NONNULL = YES;
				CLANG_CXX_LANGUAGE_STANDARD = "gnu++0x";
				CLANG_CXX_LIBRARY = "libc++";
				CLANG_ENABLE_MODULES = YES;
				CLANG_ENABLE_OBJC_ARC = YES;
				CLANG_WARN_BOOL_CONVERSION = YES;
				CLANG_WARN_CONSTANT_CONVERSION = YES;
				CLANG_WARN_DIRECT_OBJC_ISA_USAGE = YES_ERROR;
				CLANG_WARN_DOCUMENTATION_COMMENTS = YES;
				CLANG_WARN_EMPTY_BODY = YES;
				CLANG_WARN_ENUM_CONVERSION = YES;
				CLANG_WARN_INFINITE_RECURSION = YES;
				CLANG_WARN_INT_CONVERSION = YES;
				CLANG_WARN_OBJC_ROOT_CLASS = YES_ERROR;
				CLANG_WARN_SUSPICIOUS_MOVE = YES;
				CLANG_WARN_UNREACHABLE_CODE = YES;
				CLANG_WARN__DUPLICATE_METHOD_MATCH = YES;
				"CODE_SIGN_IDENTITY[sdk=iphoneos*]" = "iPhone Developer";
				COPY_PHASE_STRIP = NO;
				DEBUG_INFORMATION_FORMAT = dwarf;
				ENABLE_STRICT_OBJC_MSGSEND = YES;
				ENABLE_TESTABILITY = YES;
				GCC_C_LANGUAGE_STANDARD = gnu99;
				GCC_DYNAMIC_NO_PIC = NO;
				GCC_NO_COMMON_BLOCKS = YES;
				GCC_OPTIMIZATION_LEVEL = 0;
				GCC_PREPROCESSOR_DEFINITIONS = (
					"DEBUG=1",
					"$(inherited)",
				);
				GCC_WARN_64_TO_32_BIT_CONVERSION = YES;
				GCC_WARN_ABOUT_RETURN_TYPE = YES_ERROR;
				GCC_WARN_UNDECLARED_SELECTOR = YES;
				GCC_WARN_UNINITIALIZED_AUTOS = YES_AGGRESSIVE;
				GCC_WARN_UNUSED_FUNCTION = YES;
				GCC_WARN_UNUSED_VARIABLE = YES;
				IPHONEOS_DEPLOYMENT_TARGET = 10.2;
				MTL_ENABLE_DEBUG_INFO = YES;
				ONLY_ACTIVE_ARCH = YES;
				SDKROOT = iphoneos;
				TARGETED_DEVICE_FAMILY = "1,2";
			};
			name = Debug;
		};
		442136921F0CD59100FEFBCF /* Release */ = {
			isa = XCBuildConfiguration;
			buildSettings = {
				ALWAYS_SEARCH_USER_PATHS = NO;
				CLANG_ANALYZER_NONNULL = YES;
				CLANG_CXX_LANGUAGE_STANDARD = "gnu++0x";
				CLANG_CXX_LIBRARY = "libc++";
				CLANG_ENABLE_MODULES = YES;
				CLANG_ENABLE_OBJC_ARC = YES;
				CLANG_WARN_BOOL_CONVERSION = YES;
				CLANG_WARN_CONSTANT_CONVERSION = YES;
				CLANG_WARN_DIRECT_OBJC_ISA_USAGE = YES_ERROR;
				CLANG_WARN_DOCUMENTATION_COMMENTS = YES;
				CLANG_WARN_EMPTY_BODY = YES;
				CLANG_WARN_ENUM_CONVERSION = YES;
				CLANG_WARN_INFINITE_RECURSION = YES;
				CLANG_WARN_INT_CONVERSION = YES;
				CLANG_WARN_OBJC_ROOT_CLASS = YES_ERROR;
				CLANG_WARN_SUSPICIOUS_MOVE = YES;
				CLANG_WARN_UNREACHABLE_CODE = YES;
				CLANG_WARN__DUPLICATE_METHOD_MATCH = YES;
				"CODE_SIGN_IDENTITY[sdk=iphoneos*]" = "iPhone Developer";
				COPY_PHASE_STRIP = NO;
				DEBUG_INFORMATION_FORMAT = "dwarf-with-dsym";
				ENABLE_NS_ASSERTIONS = NO;
				ENABLE_STRICT_OBJC_MSGSEND = YES;
				GCC_C_LANGUAGE_STANDARD = gnu99;
				GCC_NO_COMMON_BLOCKS = YES;
				GCC_WARN_64_TO_32_BIT_CONVERSION = YES;
				GCC_WARN_ABOUT_RETURN_TYPE = YES_ERROR;
				GCC_WARN_UNDECLARED_SELECTOR = YES;
				GCC_WARN_UNINITIALIZED_AUTOS = YES_AGGRESSIVE;
				GCC_WARN_UNUSED_FUNCTION = YES;
				GCC_WARN_UNUSED_VARIABLE = YES;
				IPHONEOS_DEPLOYMENT_TARGET = 10.2;
				MTL_ENABLE_DEBUG_INFO = NO;
				SDKROOT = iphoneos;
				TARGETED_DEVICE_FAMILY = "1,2";
				VALIDATE_PRODUCT = YES;
			};
			name = Release;
		};
		442136941F0CD59100FEFBCF /* Debug */ = {
			isa = XCBuildConfiguration;
			buildSettings = {
				ASSETCATALOG_COMPILER_APPICON_NAME = AppIcon;
				INFOPLIST_FILE = MVDownloader/Info.plist;
				LD_RUNPATH_SEARCH_PATHS = "$(inherited) @executable_path/Frameworks";
				PRODUCT_BUNDLE_IDENTIFIER = com.Mati.MVDownloader;
				PRODUCT_NAME = "$(TARGET_NAME)";
			};
			name = Debug;
		};
		442136951F0CD59100FEFBCF /* Release */ = {
			isa = XCBuildConfiguration;
			buildSettings = {
				ASSETCATALOG_COMPILER_APPICON_NAME = AppIcon;
				INFOPLIST_FILE = MVDownloader/Info.plist;
				LD_RUNPATH_SEARCH_PATHS = "$(inherited) @executable_path/Frameworks";
				PRODUCT_BUNDLE_IDENTIFIER = com.Mati.MVDownloader;
				PRODUCT_NAME = "$(TARGET_NAME)";
			};
			name = Release;
		};
		442136971F0CD59100FEFBCF /* Debug */ = {
			isa = XCBuildConfiguration;
			buildSettings = {
				BUNDLE_LOADER = "$(TEST_HOST)";
				INFOPLIST_FILE = MVDownloaderTests/Info.plist;
				LD_RUNPATH_SEARCH_PATHS = "$(inherited) @executable_path/Frameworks @loader_path/Frameworks";
				PRODUCT_BUNDLE_IDENTIFIER = com.Mati.MVDownloaderTests;
				PRODUCT_NAME = "$(TARGET_NAME)";
				TEST_HOST = "$(BUILT_PRODUCTS_DIR)/MVDownloader.app/MVDownloader";
			};
			name = Debug;
		};
		442136981F0CD59100FEFBCF /* Release */ = {
			isa = XCBuildConfiguration;
			buildSettings = {
				BUNDLE_LOADER = "$(TEST_HOST)";
				INFOPLIST_FILE = MVDownloaderTests/Info.plist;
				LD_RUNPATH_SEARCH_PATHS = "$(inherited) @executable_path/Frameworks @loader_path/Frameworks";
				PRODUCT_BUNDLE_IDENTIFIER = com.Mati.MVDownloaderTests;
				PRODUCT_NAME = "$(TARGET_NAME)";
				TEST_HOST = "$(BUILT_PRODUCTS_DIR)/MVDownloader.app/MVDownloader";
			};
			name = Release;
		};
		4421369A1F0CD59100FEFBCF /* Debug */ = {
			isa = XCBuildConfiguration;
			buildSettings = {
				INFOPLIST_FILE = MVDownloaderUITests/Info.plist;
				LD_RUNPATH_SEARCH_PATHS = "$(inherited) @executable_path/Frameworks @loader_path/Frameworks";
				PRODUCT_BUNDLE_IDENTIFIER = com.Mati.MVDownloaderUITests;
				PRODUCT_NAME = "$(TARGET_NAME)";
				TEST_TARGET_NAME = MVDownloader;
			};
			name = Debug;
		};
		4421369B1F0CD59100FEFBCF /* Release */ = {
			isa = XCBuildConfiguration;
			buildSettings = {
				INFOPLIST_FILE = MVDownloaderUITests/Info.plist;
				LD_RUNPATH_SEARCH_PATHS = "$(inherited) @executable_path/Frameworks @loader_path/Frameworks";
				PRODUCT_BUNDLE_IDENTIFIER = com.Mati.MVDownloaderUITests;
				PRODUCT_NAME = "$(TARGET_NAME)";
				TEST_TARGET_NAME = MVDownloader;
			};
			name = Release;
		};
/* End XCBuildConfiguration section */

/* Begin XCConfigurationList section */
		442136611F0CD59100FEFBCF /* Build configuration list for PBXProject "MVDownloader" */ = {
			isa = XCConfigurationList;
			buildConfigurations = (
				442136911F0CD59100FEFBCF /* Debug */,
				442136921F0CD59100FEFBCF /* Release */,
			);
			defaultConfigurationIsVisible = 0;
			defaultConfigurationName = Release;
		};
		442136931F0CD59100FEFBCF /* Build configuration list for PBXNativeTarget "MVDownloader" */ = {
			isa = XCConfigurationList;
			buildConfigurations = (
				442136941F0CD59100FEFBCF /* Debug */,
				442136951F0CD59100FEFBCF /* Release */,
			);
			defaultConfigurationIsVisible = 0;
			defaultConfigurationName = Release;
		};
		442136961F0CD59100FEFBCF /* Build configuration list for PBXNativeTarget "MVDownloaderTests" */ = {
			isa = XCConfigurationList;
			buildConfigurations = (
				442136971F0CD59100FEFBCF /* Debug */,
				442136981F0CD59100FEFBCF /* Release */,
			);
			defaultConfigurationIsVisible = 0;
			defaultConfigurationName = Release;
		};
		442136991F0CD59100FEFBCF /* Build configuration list for PBXNativeTarget "MVDownloaderUITests" */ = {
			isa = XCConfigurationList;
			buildConfigurations = (
				4421369A1F0CD59100FEFBCF /* Debug */,
				4421369B1F0CD59100FEFBCF /* Release */,
			);
			defaultConfigurationIsVisible = 0;
			defaultConfigurationName = Release;
		};
/* End XCConfigurationList section */
	};
	rootObject = 4421365E1F0CD59100FEFBCF /* Project object */;
}
